<?xml version="1.0" encoding="utf-8"?>
<Project ToolsVersion="17.0" xmlns="http://schemas.microsoft.com/developer/msbuild/2003">
  <ItemGroup>
    <ClCompile Include="C:\projects\myGameEngine\MyGameEngine\lib\imgui\include\imgui.cpp">
      <Filter>Source Files</Filter>
    </ClCompile>
    <ClCompile Include="C:\projects\myGameEngine\MyGameEngine\lib\imgui\include\imgui_demo.cpp">
      <Filter>Source Files</Filter>
    </ClCompile>
    <ClCompile Include="C:\projects\myGameEngine\MyGameEngine\lib\imgui\include\imgui_draw.cpp">
      <Filter>Source Files</Filter>
    </ClCompile>
    <ClCompile Include="C:\projects\myGameEngine\MyGameEngine\lib\imgui\include\imgui_impl_glfw.cpp">
      <Filter>Source Files</Filter>
    </ClCompile>
    <ClCompile Include="C:\projects\myGameEngine\MyGameEngine\lib\imgui\include\imgui_impl_opengl3.cpp">
      <Filter>Source Files</Filter>
    </ClCompile>
    <ClCompile Include="C:\projects\myGameEngine\MyGameEngine\lib\imgui\include\imgui_tables.cpp">
      <Filter>Source Files</Filter>
    </ClCompile>
    <ClCompile Include="C:\projects\myGameEngine\MyGameEngine\lib\imgui\include\imgui_widgets.cpp">
      <Filter>Source Files</Filter>
    </ClCompile>
    <ClCompile Include="C:\projects\myGameEngine\MyGameEngine\lib\imgui\include\misc\cpp\imgui_stdlib.cpp">
      <Filter>Source Files</Filter>
    </ClCompile>
    <ClCompile Include="C:\projects\myGameEngine\MyGameEngine\lib\imgui\include\misc\fonts\binary_to_compressed_c.cpp">
      <Filter>Source Files</Filter>
    </ClCompile>
  </ItemGroup>
  <ItemGroup>
    <ClInclude Include="C:\projects\myGameEngine\MyGameEngine\lib\imgui\include\imconfig.h">
      <Filter>Header Files</Filter>
    </ClInclude>
    <ClInclude Include="C:\projects\myGameEngine\MyGameEngine\lib\imgui\include\imgui.h">
      <Filter>Header Files</Filter>
    </ClInclude>
    <ClInclude Include="C:\projects\myGameEngine\MyGameEngine\lib\imgui\include\imgui_impl_glfw.h">
      <Filter>Header Files</Filter>
    </ClInclude>
    <ClInclude Include="C:\projects\myGameEngine\MyGameEngine\lib\imgui\include\imgui_impl_opengl3.h">
      <Filter>Header Files</Filter>
    </ClInclude>
    <ClInclude Include="C:\projects\myGameEngine\MyGameEngine\lib\imgui\include\imgui_impl_opengl3_loader.h">
      <Filter>Header Files</Filter>
    </ClInclude>
    <ClInclude Include="C:\projects\myGameEngine\MyGameEngine\lib\imgui\include\imgui_internal.h">
      <Filter>Header Files</Filter>
    </ClInclude>
    <ClInclude Include="C:\projects\myGameEngine\MyGameEngine\lib\imgui\include\imstb_rectpack.h">
      <Filter>Header Files</Filter>
    </ClInclude>
    <ClInclude Include="C:\projects\myGameEngine\MyGameEngine\lib\imgui\include\imstb_textedit.h">
      <Filter>Header Files</Filter>
    </ClInclude>
    <ClInclude Include="C:\projects\myGameEngine\MyGameEngine\lib\imgui\include\imstb_truetype.h">
      <Filter>Header Files</Filter>
    </ClInclude>
    <ClInclude Include="C:\projects\myGameEngine\MyGameEngine\lib\imgui\include\misc\cpp\imgui_stdlib.h">
      <Filter>Header Files</Filter>
    </ClInclude>
    <ClInclude Include="C:\projects\myGameEngine\MyGameEngine\lib\imgui\include\misc\single_file\imgui_single_file.h">
      <Filter>Header Files</Filter>
    </ClInclude>
  </ItemGroup>
  <ItemGroup>
    <CustomBuild Include="C:\projects\myGameEngine\MyGameEngine\lib\imgui\CMakeLists.txt" />
  </ItemGroup>
  <ItemGroup>
    <Filter Include="Header Files">
      <UniqueIdentifier>{05402681-832D-3C7C-8981-753474AFD6B0}</UniqueIdentifier>
    </Filter>
    <Filter Include="Source Files">
      <UniqueIdentifier>{DBC5A8ED-07E8-399B-9651-92C93660CE34}</UniqueIdentifier>
    </Filter>
  </ItemGroup>
</Project>
